github.com/BurntSushi/toml v0.3.1 h1:WXkYYl6Yr3qBf1K79EBnL4mak0OimBfB0XUf9Vl28OQ=
github.com/BurntSushi/toml v0.3.1/go.mod h1:xHWCNGjB5oqiDr8zfno3MHue2Ht5sIBksp03qcyfWMU=
github.com/davecgh/go-spew v1.1.1/go.mod h1:J7Y8YcW2NihsgmVo/mv3lAwl/skON4iLHjSsI+c5H38=
github.com/go-sql-driver/mysql v1.4.1 h1:g24URVg0OFbNUTx9qqY1IRZ9D9z3iPyi5zKhQZpNwpA=
github.com/go-sql-driver/mysql v1.4.1/go.mod h1:zAC/RDZ24gD3HViQzih4MyKcchzm+sOG5ZlKdlhCg5w=
github.com/gocraft/dbr v0.0.0-20190131145710-48a049970bd2 h1:zPA5FYTrmWSPMYWc3xJOTMGiqqm8lrdawrQqnamsw6w=
github.com/gocraft/dbr v0.0.0-20190131145710-48a049970bd2/go.mod h1:K/9g3pPouf13kP5K7pdriQEJAy272R9yXuWuDIEWJTM=
github.com/golang/protobuf v1.3.1 h1:YF8+flBXS5eO826T4nzqPrxfhQThhXl0YzfuUPu4SBg=
github.com/golang/protobuf v1.3.1/go.mod h1:6lQm79b+lXiMfvg/cZm0SGofjICqVBUtrP5yJMmIC1U=
github.com/jinzhu/gorm v1.9.2 h1:lCvgEaqe/HVE+tjAR2mt4HbbHAZsQOv3XAZiEZV37iw=
github.com/jinzhu/gorm v1.9.2/go.mod h1:Vla75njaFJ8clLU1W44h34PjIkijhjHIYnZxMqCdxqo=
github.com/jinzhu/inflection v0.0.0-20180308033659-04140366298a h1:eeaG9XMUvRBYXJi4pg1ZKM7nxc5AfXfojeLLW7O5J3k=
github.com/jinzhu/inflection v0.0.0-20180308033659-04140366298a/go.mod h1:h+uFLlag+Qp1Va5pdKtLDYj+kHp5pxUVkryuEj+Srlc=
github.com/judwhite/go-svc v1.1.2 h1:wKroC8SKFs2EmtoS3XVmZinnRtGmu9qVrjubFp8talY=
github.com/judwhite/go-svc v1.1.2/go.mod h1:EeMSAFO3mLgEQfcvnZ50JDG0O1uQlagpAbMS6talrXE=
github.com/konsorten/go-windows-terminal-sequences v1.0.1/go.mod h1:T0+1ngSBFLxvqU3pZ+m/2kptfBszLMUkC4ZK/EgS/cQ=
github.com/lib/pq v1.0.0 h1:X5PMW56eZitiTeO7tKzZxFCSpbFZJtkMMooicw2us9A=
github.com/lib/pq v1.0.0/go.mod h1:5WUZQaWbwv1U+lTReE5YruASi9Al49XbQIvNi/34Woo=
github.com/mattn/go-sqlite3 v1.10.0 h1:jbhqpg7tQe4SupckyijYiy0mJJ/pRyHvXf7JdWK860o=
github.com/mattn/go-sqlite3 v1.10.0/go.mod h1:FPy6KqzDD04eiIsT53CuJW3U88zkxoIYsOqkbpncsNc=
github.com/pmezard/go-difflib v1.0.0/go.mod h1:iKH77koFhYxTK1pcRnkKkqfTogsbg7gZNVY4sRDYZ/4=
github.com/rubenv/sql-migrate v0.0.0-20190327083759-54bad0a9b051 h1:p32bQkgLiadYiOqs294BAx/7f1Aerfva8rj+rVvzR0A=
github.com/rubenv/sql-migrate v0.0.0-20190327083759-54bad0a9b051/go.mod h1:WS0rl9eEliYI8DPnr3TOwz4439pay+qNgzJoVya/DmY=
github.com/sendgrid/rest v2.4.1+incompatible h1:HDib/5xzQREPq34lN3YMhQtMkdXxS/qLp5G3k9a5++4=
github.com/sendgrid/rest v2.4.1+incompatible/go.mod h1:kXX7q3jZtJXK5c5qK83bSGMdV6tsOE70KbHoqJls4lE=
github.com/sirupsen/logrus v1.4.0 h1:yKenngtzGh+cUSSh6GWbxW2abRqhYUSR/t/6+2QqNvE=
github.com/sirupsen/logrus v1.4.0/go.mod h1:LxeOpSwHxABJmUn/MG1IvRgCAasNZTLOkJPxbbu5VWo=
github.com/stretchr/objx v0.1.1/go.mod h1:HFkY916IF+rwdDfMAkV7OtwuqBVzrE8GR6GFx+wExME=
github.com/stretchr/testify v1.2.2/go.mod h1:a8OnRcib4nhh0OaRAV+Yts87kKdq0PP7pXfy6kDkUVs=
github.com/tgo-team/tgo-core v0.0.0-20190324131330-d16eef658677 h1:TMi6gsAaEOVMQvWo/4IMMqjGPPUS3b5e6Dj7mvWCFzk=
github.com/tgo-team/tgo-core v0.0.0-20190324131330-d16eef658677/go.mod h1:7rdvQBaiWm/9Zhiv9kgnSmeWHhP4t57y57cTvYgBsyE=
github.com/tgo-team/tgo-core v0.0.0-20190324134742-d95d837bd49b h1:pfp3odu0uWpwiniBAvHdkX0YTpkntcQw4romi4EJ1RU=
github.com/tgo-team/tgo-core v0.0.0-20190324134742-d95d837bd49b/go.mod h1:7rdvQBaiWm/9Zhiv9kgnSmeWHhP4t57y57cTvYgBsyE=
github.com/tgo-team/tgo-core v0.0.0-20190324135902-15f995515569 h1:Z8hPFpX+JIFL5a0S2Nlcj7Btj/zPqhIYyqkbmpc7ueY=
github.com/tgo-team/tgo-core v0.0.0-20190324135902-15f995515569/go.mod h1:7rdvQBaiWm/9Zhiv9kgnSmeWHhP4t57y57cTvYgBsyE=
github.com/tgo-team/tgo-core v0.0.0-20190331075353-07c6859828ab h1:4Wncg32u9GyTQBMUKs86kELN7Gi7Lf/KR4EfMQYG9mk=
github.com/tgo-team/tgo-core v0.0.0-20190331075353-07c6859828ab/go.mod h1:5RHCeSyTpKL/e6MP4G4feq7v+YwurJ6tj46LVbliNxg=
github.com/tgo-team/tgo-core v0.0.0-20190403073004-06f5d4c98a42 h1:ihs8fR2jKl8CfZGu9SechFE21JkNBMD/GkNXEKzvTlE=
github.com/tgo-team/tgo-core v0.0.0-20190403073004-06f5d4c98a42/go.mod h1:5RHCeSyTpKL/e6MP4G4feq7v+YwurJ6tj46LVbliNxg=
github.com/tgo-team/tgo-core v0.0.0-20190403082010-af79b64c1753 h1:BFvFg45Oc7q0j3O8GGR3B4Yn4kB/wippO1cmfBgDsdg=
github.com/tgo-team/tgo-core v0.0.0-20190403082010-af79b64c1753/go.mod h1:5RHCeSyTpKL/e6MP4G4feq7v+YwurJ6tj46LVbliNxg=
github.com/tgo-team/tgo-core v0.0.0-20190403093118-94de6d961485 h1:F+pi6894kBjYS8Q2aUyRK9qxull2nX4pZ/CqZ2thEzs=
github.com/tgo-team/tgo-core v0.0.0-20190403093118-94de6d961485/go.mod h1:5RHCeSyTpKL/e6MP4G4feq7v+YwurJ6tj46LVbliNxg=
github.com/tgo-team/tgo-core v0.0.0-20190403093745-cc4db44f3c65 h1:eY7zt4IBR8wWZLrM7+6iORioib7VpghQSf7A/iC8eSw=
github.com/tgo-team/tgo-core v0.0.0-20190403093745-cc4db44f3c65/go.mod h1:5RHCeSyTpKL/e6MP4G4feq7v+YwurJ6tj46LVbliNxg=
github.com/tgo-team/tgo-core v0.0.0-20190403094729-6be535c3d510 h1:PePefreaz4l97+ObyCWTh4vMB88bi6K3jFeO6t2mKpc=
github.com/tgo-team/tgo-core v0.0.0-20190403094729-6be535c3d510/go.mod h1:5RHCeSyTpKL/e6MP4G4feq7v+YwurJ6tj46LVbliNxg=
github.com/zheng-ji/goCuckoo v0.0.0-20160727030056-090e82d0856a h1:vbbZUQEaCjhs21jjoh/6tf4s7VYLX/Rq7xIdUmlYA7s=
github.com/zheng-ji/goCuckoo v0.0.0-20160727030056-090e82d0856a/go.mod h1:O+qnf7AeskhN3L600EzVdWZunZy90GlmZ0up072WHaA=
golang.org/x/crypto v0.0.0-20180904163835-0709b304e793 h1:u+LnwYTOOW7Ukr/fppxEb1Nwz0AtPflrblfvUudpo+I=
golang.org/x/crypto v0.0.0-20180904163835-0709b304e793/go.mod h1:6SG95UA2DQfeDnfUPMdvaQW0Q7yPrPDi9nlGo2tz2b4=
golang.org/x/sys v0.0.0-20180905080454-ebe1bf3edb33 h1:I6FyU15t786LL7oL/hn43zqTuEGr4PN7F4XJ1p4E3Y8=
golang.org/x/sys v0.0.0-20180905080454-ebe1bf3edb33/go.mod h1:STP8DvDyc/dI5b8T5hshtkjS+E42TnysNCUPdjciGhY=
gopkg.in/gorp.v1 v1.7.2 h1:j3DWlAyGVv8whO7AcIWznQ2Yj7yJkn34B8s63GViAAw=
gopkg.in/gorp.v1 v1.7.2/go.mod h1:Wo3h+DBQZIxATwftsglhdD/62zRFPhGhTiu5jUJmCaw=
